{
  "nodes": {
    "nixpkgs": {
      "locked": {
        "lastModified": 1629834317,
        "narHash": "sha256-NSsIlBnrNbN6wj6getlB/jqNFm9W7CQml8/vrfj0MaU=",
        "owner": "NixOS",
        "repo": "nixpkgs",
        "rev": "adc409264c528b93cd4fb018825ff5ec62b17568",
        "type": "github"
      },
      "original": {
        "owner": "NixOS",
        "repo": "nixpkgs",
        "type": "github"
      }
    },
    "root": {
      "inputs": {
        "nixpkgs": "nixpkgs"
      }
    }
  },
  "root": "root",
  "version": 7
}
